
Microsoft Visual Studio Solution File, Format Version 12.00
# Visual Studio Version 17
VisualStudioVersion = 17.2.32630.192
MinimumVisualStudioVersion = 10.0.40219.1
Project("{FAE04EC0-301F-11D3-BF4B-00C04F79EFBC}") = "Snuzzle", "TestWindowsFormsApp(.NET-Framework)\Snuzzle.csproj", "{F613C427-1C34-49DD-9EDE-EBED98EDC8AC}"
EndProject
Global
	GlobalSection(SolutionConfigurationPlatforms) = preSolution
		Debug|Any CPU = Debug|Any CPU
		Release|Any CPU = Release|Any CPU
	EndGlobalSection
	GlobalSection(ProjectConfigurationPlatforms) = postSolution
		{F613C427-1C34-49DD-9EDE-EBED98EDC8AC}.Debug|Any CPU.ActiveCfg = Debug|Any CPU
		{F613C427-1C34-49DD-9EDE-EBED98EDC8AC}.Debug|Any CPU.Build.0 = Debug|Any CPU
		{F613C427-1C34-49DD-9EDE-EBED98EDC8AC}.Release|Any CPU.ActiveCfg = Release|Any CPU
		{F613C427-1C34-49DD-9EDE-EBED98EDC8AC}.Release|Any CPU.Build.0 = Release|Any CPU
	EndGlobalSection
	GlobalSection(SolutionProperties) = preSolution
		HideSolutionNode = FALSE
	EndGlobalSection
	GlobalSection(ExtensibilityGlobals) = postSolution
		SolutionGuid = {76264DA8-AC1E-4347-A724-9FB6D8485FAF}
	EndGlobalSection
EndGlobal
